// !$*UTF8*$!
{
	archiveVersion = 1;
	classes = {
	};
	objectVersion = 50;
	objects = {

/* Begin PBXBuildFile section */
		086E5E6622FAAB1700214241 /* 00.m in Sources */ = {isa = PBXBuildFile; fileRef = 086E5E6522FAAB1700214241 /* 00.m */; };
		087F98DF22FA8BE2000BBA61 /* 0.m in Sources */ = {isa = PBXBuildFile; fileRef = 087F98DE22FA8BE2000BBA61 /* 0.m */; };
		087F98E522FA8C7E000BBA61 /* 1.m in Sources */ = {isa = PBXBuildFile; fileRef = 087F98E422FA8C7E000BBA61 /* 1.m */; };
		087F98EE22FA8DA2000BBA61 /* 2.m in Sources */ = {isa = PBXBuildFile; fileRef = 087F98ED22FA8DA2000BBA61 /* 2.m */; };
		087F98F122FA8DDB000BBA61 /* 3.m in Sources */ = {isa = PBXBuildFile; fileRef = 087F98F022FA8DDB000BBA61 /* 3.m */; };
		087F98F422FA8E38000BBA61 /* 4.m in Sources */ = {isa = PBXBuildFile; fileRef = 087F98F322FA8E38000BBA61 /* 4.m */; };
		087F98F722FA8E70000BBA61 /* 5.m in Sources */ = {isa = PBXBuildFile; fileRef = 087F98F622FA8E70000BBA61 /* 5.m */; };
		087F990622FA902E000BBA61 /* 6.m in Sources */ = {isa = PBXBuildFile; fileRef = 087F990522FA902E000BBA61 /* 6.m */; };
		087F990922FA912B000BBA61 /* 7.m in Sources */ = {isa = PBXBuildFile; fileRef = 087F990822FA912B000BBA61 /* 7.m */; };
		087F990F22FA91C9000BBA61 /* 8.m in Sources */ = {isa = PBXBuildFile; fileRef = 087F990E22FA91C9000BBA61 /* 8.m */; };
		087F991222FA928E000BBA61 /* 9.m in Sources */ = {isa = PBXBuildFile; fileRef = 087F991122FA928E000BBA61 /* 9.m */; };
		087F991522FA9405000BBA61 /* 10.m in Sources */ = {isa = PBXBuildFile; fileRef = 087F991422FA9405000BBA61 /* 10.m */; };
		087F991822FA9502000BBA61 /* 11.m in Sources */ = {isa = PBXBuildFile; fileRef = 087F991722FA9502000BBA61 /* 11.m */; };
		087F991B22FA9772000BBA61 /* 12.m in Sources */ = {isa = PBXBuildFile; fileRef = 087F991A22FA9772000BBA61 /* 12.m */; };
		087F991E22FA97D5000BBA61 /* 13.m in Sources */ = {isa = PBXBuildFile; fileRef = 087F991D22FA97D5000BBA61 /* 13.m */; };
		087F992122FA981B000BBA61 /* 14.m in Sources */ = {isa = PBXBuildFile; fileRef = 087F992022FA981B000BBA61 /* 14.m */; };
		087F992422FA98C6000BBA61 /* 15.m in Sources */ = {isa = PBXBuildFile; fileRef = 087F992322FA98C6000BBA61 /* 15.m */; };
		087F992722FA991A000BBA61 /* 16.m in Sources */ = {isa = PBXBuildFile; fileRef = 087F992622FA991A000BBA61 /* 16.m */; };
		08994D3922FA727B00687385 /* AppDelegate.m in Sources */ = {isa = PBXBuildFile; fileRef = 08994D3822FA727B00687385 /* AppDelegate.m */; };
		08994D3C22FA727B00687385 /* ViewController.m in Sources */ = {isa = PBXBuildFile; fileRef = 08994D3B22FA727B00687385 /* ViewController.m */; };
		08994D3F22FA727B00687385 /* Main.storyboard in Resources */ = {isa = PBXBuildFile; fileRef = 08994D3D22FA727B00687385 /* Main.storyboard */; };
		08994D4122FA727E00687385 /* Assets.xcassets in Resources */ = {isa = PBXBuildFile; fileRef = 08994D4022FA727E00687385 /* Assets.xcassets */; };
		08994D4422FA727E00687385 /* LaunchScreen.storyboard in Resources */ = {isa = PBXBuildFile; fileRef = 08994D4222FA727E00687385 /* LaunchScreen.storyboard */; };
		08994D4722FA727E00687385 /* main.m in Sources */ = {isa = PBXBuildFile; fileRef = 08994D4622FA727E00687385 /* main.m */; };
		08994D5122FA727E00687385 /* TestDemoTests.m in Sources */ = {isa = PBXBuildFile; fileRef = 08994D5022FA727E00687385 /* TestDemoTests.m */; };
		08994D5C22FA727E00687385 /* TestDemoUITests.m in Sources */ = {isa = PBXBuildFile; fileRef = 08994D5B22FA727E00687385 /* TestDemoUITests.m */; };
		08994D6A22FA72E700687385 /* IDETemplateMacros.plist in Resources */ = {isa = PBXBuildFile; fileRef = 08994D6922FA72E700687385 /* IDETemplateMacros.plist */; };
/* End PBXBuildFile section */

/* Begin PBXContainerItemProxy section */
		08994D4D22FA727E00687385 /* PBXContainerItemProxy */ = {
			isa = PBXContainerItemProxy;
			containerPortal = 08994D2C22FA727B00687385 /* Project object */;
			proxyType = 1;
			remoteGlobalIDString = 08994D3322FA727B00687385;
			remoteInfo = TestDemo;
		};
		08994D5822FA727E00687385 /* PBXContainerItemProxy */ = {
			isa = PBXContainerItemProxy;
			containerPortal = 08994D2C22FA727B00687385 /* Project object */;
			proxyType = 1;
			remoteGlobalIDString = 08994D3322FA727B00687385;
			remoteInfo = TestDemo;
		};
/* End PBXContainerItemProxy section */

/* Begin PBXFileReference section */
		086E5E6422FAAB1700214241 /* 00.h */ = {isa = PBXFileReference; lastKnownFileType = sourcecode.c.h; path = 00.h; sourceTree = "<group>"; };
		086E5E6522FAAB1700214241 /* 00.m */ = {isa = PBXFileReference; lastKnownFileType = sourcecode.c.objc; path = 00.m; sourceTree = "<group>"; };
		087F98DD22FA8BE2000BBA61 /* 0.h */ = {isa = PBXFileReference; lastKnownFileType = sourcecode.c.h; path = 0.h; sourceTree = "<group>"; };
		087F98DE22FA8BE2000BBA61 /* 0.m */ = {isa = PBXFileReference; lastKnownFileType = sourcecode.c.objc; path = 0.m; sourceTree = "<group>"; };
		087F98E322FA8C7E000BBA61 /* 1.h */ = {isa = PBXFileReference; lastKnownFileType = sourcecode.c.h; path = 1.h; sourceTree = "<group>"; };
		087F98E422FA8C7E000BBA61 /* 1.m */ = {isa = PBXFileReference; lastKnownFileType = sourcecode.c.objc; path = 1.m; sourceTree = "<group>"; };
		087F98EC22FA8DA2000BBA61 /* 2.h */ = {isa = PBXFileReference; lastKnownFileType = sourcecode.c.h; path = 2.h; sourceTree = "<group>"; };
		087F98ED22FA8DA2000BBA61 /* 2.m */ = {isa = PBXFileReference; lastKnownFileType = sourcecode.c.objc; path = 2.m; sourceTree = "<group>"; };
		087F98EF22FA8DDB000BBA61 /* 3.h */ = {isa = PBXFileReference; lastKnownFileType = sourcecode.c.h; path = 3.h; sourceTree = "<group>"; };
		087F98F022FA8DDB000BBA61 /* 3.m */ = {isa = PBXFileReference; lastKnownFileType = sourcecode.c.objc; path = 3.m; sourceTree = "<group>"; };
		087F98F222FA8E38000BBA61 /* 4.h */ = {isa = PBXFileReference; lastKnownFileType = sourcecode.c.h; path = 4.h; sourceTree = "<group>"; };
		087F98F322FA8E38000BBA61 /* 4.m */ = {isa = PBXFileReference; lastKnownFileType = sourcecode.c.objc; path = 4.m; sourceTree = "<group>"; };
		087F98F522FA8E70000BBA61 /* 5.h */ = {isa = PBXFileReference; lastKnownFileType = sourcecode.c.h; path = 5.h; sourceTree = "<group>"; };
		087F98F622FA8E70000BBA61 /* 5.m */ = {isa = PBXFileReference; lastKnownFileType = sourcecode.c.objc; path = 5.m; sourceTree = "<group>"; };
		087F990422FA902E000BBA61 /* 6.h */ = {isa = PBXFileReference; lastKnownFileType = sourcecode.c.h; path = 6.h; sourceTree = "<group>"; };
		087F990522FA902E000BBA61 /* 6.m */ = {isa = PBXFileReference; lastKnownFileType = sourcecode.c.objc; path = 6.m; sourceTree = "<group>"; };
		087F990722FA912B000BBA61 /* 7.h */ = {isa = PBXFileReference; lastKnownFileType = sourcecode.c.h; path = 7.h; sourceTree = "<group>"; };
		087F990822FA912B000BBA61 /* 7.m */ = {isa = PBXFileReference; lastKnownFileType = sourcecode.c.objc; path = 7.m; sourceTree = "<group>"; };
		087F990D22FA91C9000BBA61 /* 8.h */ = {isa = PBXFileReference; lastKnownFileType = sourcecode.c.h; path = 8.h; sourceTree = "<group>"; };
		087F990E22FA91C9000BBA61 /* 8.m */ = {isa = PBXFileReference; lastKnownFileType = sourcecode.c.objc; path = 8.m; sourceTree = "<group>"; };
		087F991022FA928E000BBA61 /* 9.h */ = {isa = PBXFileReference; lastKnownFileType = sourcecode.c.h; path = 9.h; sourceTree = "<group>"; };
		087F991122FA928E000BBA61 /* 9.m */ = {isa = PBXFileReference; lastKnownFileType = sourcecode.c.objc; path = 9.m; sourceTree = "<group>"; };
		087F991322FA9405000BBA61 /* 10.h */ = {isa = PBXFileReference; lastKnownFileType = sourcecode.c.h; path = 10.h; sourceTree = "<group>"; };
		087F991422FA9405000BBA61 /* 10.m */ = {isa = PBXFileReference; lastKnownFileType = sourcecode.c.objc; path = 10.m; sourceTree = "<group>"; };
		087F991622FA9502000BBA61 /* 11.h */ = {isa = PBXFileReference; lastKnownFileType = sourcecode.c.h; path = 11.h; sourceTree = "<group>"; };
		087F991722FA9502000BBA61 /* 11.m */ = {isa = PBXFileReference; lastKnownFileType = sourcecode.c.objc; path = 11.m; sourceTree = "<group>"; };
		087F991922FA9772000BBA61 /* 12.h */ = {isa = PBXFileReference; lastKnownFileType = sourcecode.c.h; path = 12.h; sourceTree = "<group>"; };
		087F991A22FA9772000BBA61 /* 12.m */ = {isa = PBXFileReference; lastKnownFileType = sourcecode.c.objc; path = 12.m; sourceTree = "<group>"; };
		087F991C22FA97D5000BBA61 /* 13.h */ = {isa = PBXFileReference; lastKnownFileType = sourcecode.c.h; path = 13.h; sourceTree = "<group>"; };
		087F991D22FA97D5000BBA61 /* 13.m */ = {isa = PBXFileReference; lastKnownFileType = sourcecode.c.objc; path = 13.m; sourceTree = "<group>"; };
		087F991F22FA981B000BBA61 /* 14.h */ = {isa = PBXFileReference; lastKnownFileType = sourcecode.c.h; path = 14.h; sourceTree = "<group>"; };
		087F992022FA981B000BBA61 /* 14.m */ = {isa = PBXFileReference; lastKnownFileType = sourcecode.c.objc; path = 14.m; sourceTree = "<group>"; };
		087F992222FA98C6000BBA61 /* 15.h */ = {isa = PBXFileReference; lastKnownFileType = sourcecode.c.h; path = 15.h; sourceTree = "<group>"; };
		087F992322FA98C6000BBA61 /* 15.m */ = {isa = PBXFileReference; lastKnownFileType = sourcecode.c.objc; path = 15.m; sourceTree = "<group>"; };
		087F992522FA991A000BBA61 /* 16.h */ = {isa = PBXFileReference; lastKnownFileType = sourcecode.c.h; path = 16.h; sourceTree = "<group>"; };
		087F992622FA991A000BBA61 /* 16.m */ = {isa = PBXFileReference; lastKnownFileType = sourcecode.c.objc; path = 16.m; sourceTree = "<group>"; };
		08994D3422FA727B00687385 /* TestDemo.app */ = {isa = PBXFileReference; explicitFileType = wrapper.application; includeInIndex = 0; path = TestDemo.app; sourceTree = BUILT_PRODUCTS_DIR; };
		08994D3722FA727B00687385 /* AppDelegate.h */ = {isa = PBXFileReference; lastKnownFileType = sourcecode.c.h; path = AppDelegate.h; sourceTree = "<group>"; };
		08994D3822FA727B00687385 /* AppDelegate.m */ = {isa = PBXFileReference; lastKnownFileType = sourcecode.c.objc; path = AppDelegate.m; sourceTree = "<group>"; };
		08994D3A22FA727B00687385 /* ViewController.h */ = {isa = PBXFileReference; lastKnownFileType = sourcecode.c.h; path = ViewController.h; sourceTree = "<group>"; };
		08994D3B22FA727B00687385 /* ViewController.m */ = {isa = PBXFileReference; lastKnownFileType = sourcecode.c.objc; path = ViewController.m; sourceTree = "<group>"; };
		08994D3E22FA727B00687385 /* Base */ = {isa = PBXFileReference; lastKnownFileType = file.storyboard; name = Base; path = Base.lproj/Main.storyboard; sourceTree = "<group>"; };
		08994D4022FA727E00687385 /* Assets.xcassets */ = {isa = PBXFileReference; lastKnownFileType = folder.assetcatalog; path = Assets.xcassets; sourceTree = "<group>"; };
		08994D4322FA727E00687385 /* Base */ = {isa = PBXFileReference; lastKnownFileType = file.storyboard; name = Base; path = Base.lproj/LaunchScreen.storyboard; sourceTree = "<group>"; };
		08994D4522FA727E00687385 /* Info.plist */ = {isa = PBXFileReference; lastKnownFileType = text.plist.xml; path = Info.plist; sourceTree = "<group>"; };
		08994D4622FA727E00687385 /* main.m */ = {isa = PBXFileReference; lastKnownFileType = sourcecode.c.objc; path = main.m; sourceTree = "<group>"; };
		08994D4C22FA727E00687385 /* TestDemoTests.xctest */ = {isa = PBXFileReference; explicitFileType = wrapper.cfbundle; includeInIndex = 0; path = TestDemoTests.xctest; sourceTree = BUILT_PRODUCTS_DIR; };
		08994D5022FA727E00687385 /* TestDemoTests.m */ = {isa = PBXFileReference; lastKnownFileType = sourcecode.c.objc; path = TestDemoTests.m; sourceTree = "<group>"; };
		08994D5222FA727E00687385 /* Info.plist */ = {isa = PBXFileReference; lastKnownFileType = text.plist.xml; path = Info.plist; sourceTree = "<group>"; };
		08994D5722FA727E00687385 /* TestDemoUITests.xctest */ = {isa = PBXFileReference; explicitFileType = wrapper.cfbundle; includeInIndex = 0; path = TestDemoUITests.xctest; sourceTree = BUILT_PRODUCTS_DIR; };
		08994D5B22FA727E00687385 /* TestDemoUITests.m */ = {isa = PBXFileReference; lastKnownFileType = sourcecode.c.objc; path = TestDemoUITests.m; sourceTree = "<group>"; };
		08994D5D22FA727E00687385 /* Info.plist */ = {isa = PBXFileReference; lastKnownFileType = text.plist.xml; path = Info.plist; sourceTree = "<group>"; };
		08994D6922FA72E700687385 /* IDETemplateMacros.plist */ = {isa = PBXFileReference; lastKnownFileType = text.plist.xml; path = IDETemplateMacros.plist; sourceTree = "<group>"; };
/* End PBXFileReference section */

/* Begin PBXFrameworksBuildPhase section */
		08994D3122FA727B00687385 /* Frameworks */ = {
			isa = PBXFrameworksBuildPhase;
			buildActionMask = 2147483647;
			files = (
			);
			runOnlyForDeploymentPostprocessing = 0;
		};
		08994D4922FA727E00687385 /* Frameworks */ = {
			isa = PBXFrameworksBuildPhase;
			buildActionMask = 2147483647;
			files = (
			);
			runOnlyForDeploymentPostprocessing = 0;
		};
		08994D5422FA727E00687385 /* Frameworks */ = {
			isa = PBXFrameworksBuildPhase;
			buildActionMask = 2147483647;
			files = (
			);
			runOnlyForDeploymentPostprocessing = 0;
		};
/* End PBXFrameworksBuildPhase section */

/* Begin PBXGroup section */
		08994D2B22FA727B00687385 = {
			isa = PBXGroup;
			children = (
				08994D3622FA727B00687385 /* TestDemo */,
				08994D4F22FA727E00687385 /* TestDemoTests */,
				08994D5A22FA727E00687385 /* TestDemoUITests */,
				08994D3522FA727B00687385 /* Products */,
			);
			sourceTree = "<group>";
		};
		08994D3522FA727B00687385 /* Products */ = {
			isa = PBXGroup;
			children = (
				08994D3422FA727B00687385 /* TestDemo.app */,
				08994D4C22FA727E00687385 /* TestDemoTests.xctest */,
				08994D5722FA727E00687385 /* TestDemoUITests.xctest */,
			);
			name = Products;
			sourceTree = "<group>";
		};
		08994D3622FA727B00687385 /* TestDemo */ = {
			isa = PBXGroup;
			children = (
				08994D3722FA727B00687385 /* AppDelegate.h */,
				08994D3822FA727B00687385 /* AppDelegate.m */,
				08994D3A22FA727B00687385 /* ViewController.h */,
				08994D3B22FA727B00687385 /* ViewController.m */,
				08994D3D22FA727B00687385 /* Main.storyboard */,
				08994D4022FA727E00687385 /* Assets.xcassets */,
				08994D4222FA727E00687385 /* LaunchScreen.storyboard */,
				08994D4522FA727E00687385 /* Info.plist */,
				08994D4622FA727E00687385 /* main.m */,
				08994D6922FA72E700687385 /* IDETemplateMacros.plist */,
				087F98DD22FA8BE2000BBA61 /* 0.h */,
				087F98DE22FA8BE2000BBA61 /* 0.m */,
				087F98E322FA8C7E000BBA61 /* 1.h */,
				087F98E422FA8C7E000BBA61 /* 1.m */,
				087F98EC22FA8DA2000BBA61 /* 2.h */,
				087F98ED22FA8DA2000BBA61 /* 2.m */,
				087F98EF22FA8DDB000BBA61 /* 3.h */,
				087F98F022FA8DDB000BBA61 /* 3.m */,
				087F98F222FA8E38000BBA61 /* 4.h */,
				087F98F322FA8E38000BBA61 /* 4.m */,
				087F98F522FA8E70000BBA61 /* 5.h */,
				087F98F622FA8E70000BBA61 /* 5.m */,
				087F990422FA902E000BBA61 /* 6.h */,
				087F990522FA902E000BBA61 /* 6.m */,
				087F990722FA912B000BBA61 /* 7.h */,
				087F990822FA912B000BBA61 /* 7.m */,
				087F990D22FA91C9000BBA61 /* 8.h */,
				087F990E22FA91C9000BBA61 /* 8.m */,
				087F991022FA928E000BBA61 /* 9.h */,
				087F991122FA928E000BBA61 /* 9.m */,
				087F991322FA9405000BBA61 /* 10.h */,
				087F991422FA9405000BBA61 /* 10.m */,
				087F991622FA9502000BBA61 /* 11.h */,
				087F991722FA9502000BBA61 /* 11.m */,
				087F991922FA9772000BBA61 /* 12.h */,
				087F991A22FA9772000BBA61 /* 12.m */,
				087F991C22FA97D5000BBA61 /* 13.h */,
				087F991D22FA97D5000BBA61 /* 13.m */,
				087F991F22FA981B000BBA61 /* 14.h */,
				087F992022FA981B000BBA61 /* 14.m */,
				087F992222FA98C6000BBA61 /* 15.h */,
				087F992322FA98C6000BBA61 /* 15.m */,
				087F992522FA991A000BBA61 /* 16.h */,
				087F992622FA991A000BBA61 /* 16.m */,
				086E5E6422FAAB1700214241 /* 00.h */,
				086E5E6522FAAB1700214241 /* 00.m */,
			);
			path = TestDemo;
			sourceTree = "<group>";
		};
		08994D4F22FA727E00687385 /* TestDemoTests */ = {
			isa = PBXGroup;
			children = (
				08994D5022FA727E00687385 /* TestDemoTests.m */,
				08994D5222FA727E00687385 /* Info.plist */,
			);
			path = TestDemoTests;
			sourceTree = "<group>";
		};
		08994D5A22FA727E00687385 /* TestDemoUITests */ = {
			isa = PBXGroup;
			children = (
				08994D5B22FA727E00687385 /* TestDemoUITests.m */,
				08994D5D22FA727E00687385 /* Info.plist */,
			);
			path = TestDemoUITests;
			sourceTree = "<group>";
		};
/* End PBXGroup section */

/* Begin PBXNativeTarget section */
		08994D3322FA727B00687385 /* TestDemo */ = {
			isa = PBXNativeTarget;
			buildConfigurationList = 08994D6022FA727E00687385 /* Build configuration list for PBXNativeTarget "TestDemo" */;
			buildPhases = (
				08994D3022FA727B00687385 /* Sources */,
				08994D3122FA727B00687385 /* Frameworks */,
				08994D3222FA727B00687385 /* Resources */,
			);
			buildRules = (
			);
			dependencies = (
			);
			name = TestDemo;
			productName = TestDemo;
			productReference = 08994D3422FA727B00687385 /* TestDemo.app */;
			productType = "com.apple.product-type.application";
		};
		08994D4B22FA727E00687385 /* TestDemoTests */ = {
			isa = PBXNativeTarget;
			buildConfigurationList = 08994D6322FA727E00687385 /* Build configuration list for PBXNativeTarget "TestDemoTests" */;
			buildPhases = (
				08994D4822FA727E00687385 /* Sources */,
				08994D4922FA727E00687385 /* Frameworks */,
				08994D4A22FA727E00687385 /* Resources */,
			);
			buildRules = (
			);
			dependencies = (
				08994D4E22FA727E00687385 /* PBXTargetDependency */,
			);
			name = TestDemoTests;
			productName = TestDemoTests;
			productReference = 08994D4C22FA727E00687385 /* TestDemoTests.xctest */;
			productType = "com.apple.product-type.bundle.unit-test";
		};
		08994D5622FA727E00687385 /* TestDemoUITests */ = {
			isa = PBXNativeTarget;
			buildConfigurationList = 08994D6622FA727E00687385 /* Build configuration list for PBXNativeTarget "TestDemoUITests" */;
			buildPhases = (
				08994D5322FA727E00687385 /* Sources */,
				08994D5422FA727E00687385 /* Frameworks */,
				08994D5522FA727E00687385 /* Resources */,
			);
			buildRules = (
			);
			dependencies = (
				08994D5922FA727E00687385 /* PBXTargetDependency */,
			);
			name = TestDemoUITests;
			productName = TestDemoUITests;
			productReference = 08994D5722FA727E00687385 /* TestDemoUITests.xctest */;
			productType = "com.apple.product-type.bundle.ui-testing";
		};
/* End PBXNativeTarget section */

/* Begin PBXProject section */
		08994D2C22FA727B00687385 /* Project object */ = {
			isa = PBXProject;
			attributes = {
				LastUpgradeCheck = 1020;
				ORGANIZATIONNAME = BlessNeo;
				TargetAttributes = {
					08994D3322FA727B00687385 = {
						CreatedOnToolsVersion = 10.2.1;
					};
					08994D4B22FA727E00687385 = {
						CreatedOnToolsVersion = 10.2.1;
						TestTargetID = 08994D3322FA727B00687385;
					};
					08994D5622FA727E00687385 = {
						CreatedOnToolsVersion = 10.2.1;
						TestTargetID = 08994D3322FA727B00687385;
					};
				};
			};
			buildConfigurationList = 08994D2F22FA727B00687385 /* Build configuration list for PBXProject "TestDemo" */;
			compatibilityVersion = "Xcode 9.3";
			developmentRegion = en;
			hasScannedForEncodings = 0;
			knownRegions = (
				en,
				Base,
			);
			mainGroup = 08994D2B22FA727B00687385;
			productRefGroup = 08994D3522FA727B00687385 /* Products */;
			projectDirPath = "";
			projectRoot = "";
			targets = (
				08994D3322FA727B00687385 /* TestDemo */,
				08994D4B22FA727E00687385 /* TestDemoTests */,
				08994D5622FA727E00687385 /* TestDemoUITests */,
			);
		};
/* End PBXProject section */

/* Begin PBXResourcesBuildPhase section */
		08994D3222FA727B00687385 /* Resources */ = {
			isa = PBXResourcesBuildPhase;
			buildActionMask = 2147483647;
			files = (
				08994D6A22FA72E700687385 /* IDETemplateMacros.plist in Resources */,
				08994D4422FA727E00687385 /* LaunchScreen.storyboard in Resources */,
				08994D4122FA727E00687385 /* Assets.xcassets in Resources */,
				08994D3F22FA727B00687385 /* Main.storyboard in Resources */,
			);
			runOnlyForDeploymentPostprocessing = 0;
		};
		08994D4A22FA727E00687385 /* Resources */ = {
			isa = PBXResourcesBuildPhase;
			buildActionMask = 2147483647;
			files = (
			);
			runOnlyForDeploymentPostprocessing = 0;
		};
		08994D5522FA727E00687385 /* Resources */ = {
			isa = PBXResourcesBuildPhase;
			buildActionMask = 2147483647;
			files = (
			);
			runOnlyForDeploymentPostprocessing = 0;
		};
/* End PBXResourcesBuildPhase section */

/* Begin PBXSourcesBuildPhase section */
		08994D3022FA727B00687385 /* Sources */ = {
			isa = PBXSourcesBuildPhase;
			buildActionMask = 2147483647;
			files = (
				087F991E22FA97D5000BBA61 /* 13.m in Sources */,
				087F991222FA928E000BBA61 /* 9.m in Sources */,
				087F98F722FA8E70000BBA61 /* 5.m in Sources */,
				087F991B22FA9772000BBA61 /* 12.m in Sources */,
				087F98EE22FA8DA2000BBA61 /* 2.m in Sources */,
				087F991822FA9502000BBA61 /* 11.m in Sources */,
				087F992422FA98C6000BBA61 /* 15.m in Sources */,
				08994D3C22FA727B00687385 /* ViewController.m in Sources */,
				087F98F422FA8E38000BBA61 /* 4.m in Sources */,
				087F990622FA902E000BBA61 /* 6.m in Sources */,
				087F98F122FA8DDB000BBA61 /* 3.m in Sources */,
				087F990F22FA91C9000BBA61 /* 8.m in Sources */,
				087F991522FA9405000BBA61 /* 10.m in Sources */,
				087F992122FA981B000BBA61 /* 14.m in Sources */,
				08994D4722FA727E00687385 /* main.m in Sources */,
				087F98DF22FA8BE2000BBA61 /* 0.m in Sources */,
				08994D3922FA727B00687385 /* AppDelegate.m in Sources */,
				087F990922FA912B000BBA61 /* 7.m in Sources */,
				086E5E6622FAAB1700214241 /* 00.m in Sources */,
				087F992722FA991A000BBA61 /* 16.m in Sources */,
				087F98E522FA8C7E000BBA61 /* 1.m in Sources */,
			);
			runOnlyForDeploymentPostprocessing = 0;
		};
		08994D4822FA727E00687385 /* Sources */ = {
			isa = PBXSourcesBuildPhase;
			buildActionMask = 2147483647;
			files = (
				08994D5122FA727E00687385 /* TestDemoTests.m in Sources */,
			);
			runOnlyForDeploymentPostprocessing = 0;
		};
		08994D5322FA727E00687385 /* Sources */ = {
			isa = PBXSourcesBuildPhase;
			buildActionMask = 2147483647;
			files = (
				08994D5C22FA727E00687385 /* TestDemoUITests.m in Sources */,
			);
			runOnlyForDeploymentPostprocessing = 0;
		};
/* End PBXSourcesBuildPhase section */

/* Begin PBXTargetDependency section */
		08994D4E22FA727E00687385 /* PBXTargetDependency */ = {
			isa = PBXTargetDependency;
			target = 08994D3322FA727B00687385 /* TestDemo */;
			targetProxy = 08994D4D22FA727E00687385 /* PBXContainerItemProxy */;
		};
		08994D5922FA727E00687385 /* PBXTargetDependency */ = {
			isa = PBXTargetDependency;
			target = 08994D3322FA727B00687385 /* TestDemo */;
			targetProxy = 08994D5822FA727E00687385 /* PBXContainerItemProxy */;
		};
/* End PBXTargetDependency section */

/* Begin PBXVariantGroup section */
		08994D3D22FA727B00687385 /* Main.storyboard */ = {
			isa = PBXVariantGroup;
			children = (
				08994D3E22FA727B00687385 /* Base */,
			);
			name = Main.storyboard;
			sourceTree = "<group>";
		};
		08994D4222FA727E00687385 /* LaunchScreen.storyboard */ = {
			isa = PBXVariantGroup;
			children = (
				08994D4322FA727E00687385 /* Base */,
			);
			name = LaunchScreen.storyboard;
			sourceTree = "<group>";
		};
/* End PBXVariantGroup section */

/* Begin XCBuildConfiguration section */
		08994D5E22FA727E00687385 /* Debug */ = {
			isa = XCBuildConfiguration;
			buildSettings = {
				ALWAYS_SEARCH_USER_PATHS = NO;
				CLANG_ANALYZER_NONNULL = YES;
				CLANG_ANALYZER_NUMBER_OBJECT_CONVERSION = YES_AGGRESSIVE;
				CLANG_CXX_LANGUAGE_STANDARD = "gnu++14";
				CLANG_CXX_LIBRARY = "libc++";
				CLANG_ENABLE_MODULES = YES;
				CLANG_ENABLE_OBJC_ARC = YES;
				CLANG_ENABLE_OBJC_WEAK = YES;
				CLANG_WARN_BLOCK_CAPTURE_AUTORELEASING = YES;
				CLANG_WARN_BOOL_CONVERSION = YES;
				CLANG_WARN_COMMA = YES;
				CLANG_WARN_CONSTANT_CONVERSION = YES;
				CLANG_WARN_DEPRECATED_OBJC_IMPLEMENTATIONS = YES;
				CLANG_WARN_DIRECT_OBJC_ISA_USAGE = YES_ERROR;
				CLANG_WARN_DOCUMENTATION_COMMENTS = YES;
				CLANG_WARN_EMPTY_BODY = YES;
				CLANG_WARN_ENUM_CONVERSION = YES;
				CLANG_WARN_INFINITE_RECURSION = YES;
				CLANG_WARN_INT_CONVERSION = YES;
				CLANG_WARN_NON_LITERAL_NULL_CONVERSION = YES;
				CLANG_WARN_OBJC_IMPLICIT_RETAIN_SELF = YES;
				CLANG_WARN_OBJC_LITERAL_CONVERSION = YES;
				CLANG_WARN_OBJC_ROOT_CLASS = YES_ERROR;
				CLANG_WARN_RANGE_LOOP_ANALYSIS = YES;
				CLANG_WARN_STRICT_PROTOTYPES = YES;
				CLANG_WARN_SUSPICIOUS_MOVE = YES;
				CLANG_WARN_UNGUARDED_AVAILABILITY = YES_AGGRESSIVE;
				CLANG_WARN_UNREACHABLE_CODE = YES;
				CLANG_WARN__DUPLICATE_METHOD_MATCH = YES;
				CODE_SIGN_IDENTITY = "iPhone Developer";
				COPY_PHASE_STRIP = NO;
				DEBUG_INFORMATION_FORMAT = dwarf;
				ENABLE_STRICT_OBJC_MSGSEND = YES;
				ENABLE_TESTABILITY = YES;
				GCC_C_LANGUAGE_STANDARD = gnu11;
				GCC_DYNAMIC_NO_PIC = NO;
				GCC_NO_COMMON_BLOCKS = YES;
				GCC_OPTIMIZATION_LEVEL = 0;
				GCC_PREPROCESSOR_DEFINITIONS = (
					"DEBUG=1",
					"$(inherited)",
				);
				GCC_WARN_64_TO_32_BIT_CONVERSION = YES;
				GCC_WARN_ABOUT_RETURN_TYPE = YES_ERROR;
				GCC_WARN_UNDECLARED_SELECTOR = YES;
				GCC_WARN_UNINITIALIZED_AUTOS = YES_AGGRESSIVE;
				GCC_WARN_UNUSED_FUNCTION = YES;
				GCC_WARN_UNUSED_VARIABLE = YES;
				IPHONEOS_DEPLOYMENT_TARGET = 12.2;
				MTL_ENABLE_DEBUG_INFO = INCLUDE_SOURCE;
				MTL_FAST_MATH = YES;
				ONLY_ACTIVE_ARCH = YES;
				SDKROOT = iphoneos;
			};
			name = Debug;
		};
		08994D5F22FA727E00687385 /* Release */ = {
			isa = XCBuildConfiguration;
			buildSettings = {
				ALWAYS_SEARCH_USER_PATHS = NO;
				CLANG_ANALYZER_NONNULL = YES;
				CLANG_ANALYZER_NUMBER_OBJECT_CONVERSION = YES_AGGRESSIVE;
				CLANG_CXX_LANGUAGE_STANDARD = "gnu++14";
				CLANG_CXX_LIBRARY = "libc++";
				CLANG_ENABLE_MODULES = YES;
				CLANG_ENABLE_OBJC_ARC = YES;
				CLANG_ENABLE_OBJC_WEAK = YES;
				CLANG_WARN_BLOCK_CAPTURE_AUTORELEASING = YES;
				CLANG_WARN_BOOL_CONVERSION = YES;
				CLANG_WARN_COMMA = YES;
				CLANG_WARN_CONSTANT_CONVERSION = YES;
				CLANG_WARN_DEPRECATED_OBJC_IMPLEMENTATIONS = YES;
				CLANG_WARN_DIRECT_OBJC_ISA_USAGE = YES_ERROR;
				CLANG_WARN_DOCUMENTATION_COMMENTS = YES;
				CLANG_WARN_EMPTY_BODY = YES;
				CLANG_WARN_ENUM_CONVERSION = YES;
				CLANG_WARN_INFINITE_RECURSION = YES;
				CLANG_WARN_INT_CONVERSION = YES;
				CLANG_WARN_NON_LITERAL_NULL_CONVERSION = YES;
				CLANG_WARN_OBJC_IMPLICIT_RETAIN_SELF = YES;
				CLANG_WARN_OBJC_LITERAL_CONVERSION = YES;
				CLANG_WARN_OBJC_ROOT_CLASS = YES_ERROR;
				CLANG_WARN_RANGE_LOOP_ANALYSIS = YES;
				CLANG_WARN_STRICT_PROTOTYPES = YES;
				CLANG_WARN_SUSPICIOUS_MOVE = YES;
				CLANG_WARN_UNGUARDED_AVAILABILITY = YES_AGGRESSIVE;
				CLANG_WARN_UNREACHABLE_CODE = YES;
				CLANG_WARN__DUPLICATE_METHOD_MATCH = YES;
				CODE_SIGN_IDENTITY = "iPhone Developer";
				COPY_PHASE_STRIP = NO;
				DEBUG_INFORMATION_FORMAT = "dwarf-with-dsym";
				ENABLE_NS_ASSERTIONS = NO;
				ENABLE_STRICT_OBJC_MSGSEND = YES;
				GCC_C_LANGUAGE_STANDARD = gnu11;
				GCC_NO_COMMON_BLOCKS = YES;
				GCC_WARN_64_TO_32_BIT_CONVERSION = YES;
				GCC_WARN_ABOUT_RETURN_TYPE = YES_ERROR;
				GCC_WARN_UNDECLARED_SELECTOR = YES;
				GCC_WARN_UNINITIALIZED_AUTOS = YES_AGGRESSIVE;
				GCC_WARN_UNUSED_FUNCTION = YES;
				GCC_WARN_UNUSED_VARIABLE = YES;
				IPHONEOS_DEPLOYMENT_TARGET = 12.2;
				MTL_ENABLE_DEBUG_INFO = NO;
				MTL_FAST_MATH = YES;
				SDKROOT = iphoneos;
				VALIDATE_PRODUCT = YES;
			};
			name = Release;
		};
		08994D6122FA727E00687385 /* Debug */ = {
			isa = XCBuildConfiguration;
			buildSettings = {
				ASSETCATALOG_COMPILER_APPICON_NAME = AppIcon;
				CODE_SIGN_STYLE = Automatic;
				INFOPLIST_FILE = TestDemo/Info.plist;
				LD_RUNPATH_SEARCH_PATHS = (
					"$(inherited)",
					"@executable_path/Frameworks",
				);
				PRODUCT_BUNDLE_IDENTIFIER = "com.want-want.TestDemo";
				PRODUCT_NAME = "$(TARGET_NAME)";
				TARGETED_DEVICE_FAMILY = "1,2";
			};
			name = Debug;
		};
		08994D6222FA727E00687385 /* Release */ = {
			isa = XCBuildConfiguration;
			buildSettings = {
				ASSETCATALOG_COMPILER_APPICON_NAME = AppIcon;
				CODE_SIGN_STYLE = Automatic;
				INFOPLIST_FILE = TestDemo/Info.plist;
				LD_RUNPATH_SEARCH_PATHS = (
					"$(inherited)",
					"@executable_path/Frameworks",
				);
				PRODUCT_BUNDLE_IDENTIFIER = "com.want-want.TestDemo";
				PRODUCT_NAME = "$(TARGET_NAME)";
				TARGETED_DEVICE_FAMILY = "1,2";
			};
			name = Release;
		};
		08994D6422FA727E00687385 /* Debug */ = {
			isa = XCBuildConfiguration;
			buildSettings = {
				BUNDLE_LOADER = "$(TEST_HOST)";
				CODE_SIGN_STYLE = Automatic;
				INFOPLIST_FILE = TestDemoTests/Info.plist;
				LD_RUNPATH_SEARCH_PATHS = (
					"$(inherited)",
					"@executable_path/Frameworks",
					"@loader_path/Frameworks",
				);
				PRODUCT_BUNDLE_IDENTIFIER = "com.want-want.TestDemoTests";
				PRODUCT_NAME = "$(TARGET_NAME)";
				TARGETED_DEVICE_FAMILY = "1,2";
				TEST_HOST = "$(BUILT_PRODUCTS_DIR)/TestDemo.app/TestDemo";
			};
			name = Debug;
		};
		08994D6522FA727E00687385 /* Release */ = {
			isa = XCBuildConfiguration;
			buildSettings = {
				BUNDLE_LOADER = "$(TEST_HOST)";
				CODE_SIGN_STYLE = Automatic;
				INFOPLIST_FILE = TestDemoTests/Info.plist;
				LD_RUNPATH_SEARCH_PATHS = (
					"$(inherited)",
					"@executable_path/Frameworks",
					"@loader_path/Frameworks",
				);
				PRODUCT_BUNDLE_IDENTIFIER = "com.want-want.TestDemoTests";
				PRODUCT_NAME = "$(TARGET_NAME)";
				TARGETED_DEVICE_FAMILY = "1,2";
				TEST_HOST = "$(BUILT_PRODUCTS_DIR)/TestDemo.app/TestDemo";
			};
			name = Release;
		};
		08994D6722FA727E00687385 /* Debug */ = {
			isa = XCBuildConfiguration;
			buildSettings = {
				CODE_SIGN_STYLE = Automatic;
				INFOPLIST_FILE = TestDemoUITests/Info.plist;
				LD_RUNPATH_SEARCH_PATHS = (
					"$(inherited)",
					"@executable_path/Frameworks",
					"@loader_path/Frameworks",
				);
				PRODUCT_BUNDLE_IDENTIFIER = "com.want-want.TestDemoUITests";
				PRODUCT_NAME = "$(TARGET_NAME)";
				TARGETED_DEVICE_FAMILY = "1,2";
				TEST_TARGET_NAME = TestDemo;
			};
			name = Debug;
		};
		08994D6822FA727E00687385 /* Release */ = {
			isa = XCBuildConfiguration;
			buildSettings = {
				CODE_SIGN_STYLE = Automatic;
				INFOPLIST_FILE = TestDemoUITests/Info.plist;
				LD_RUNPATH_SEARCH_PATHS = (
					"$(inherited)",
					"@executable_path/Frameworks",
					"@loader_path/Frameworks",
				);
				PRODUCT_BUNDLE_IDENTIFIER = "com.want-want.TestDemoUITests";
				PRODUCT_NAME = "$(TARGET_NAME)";
				TARGETED_DEVICE_FAMILY = "1,2";
				TEST_TARGET_NAME = TestDemo;
			};
			name = Release;
		};
/* End XCBuildConfiguration section */

/* Begin XCConfigurationList section */
		08994D2F22FA727B00687385 /* Build configuration list for PBXProject "TestDemo" */ = {
			isa = XCConfigurationList;
			buildConfigurations = (
				08994D5E22FA727E00687385 /* Debug */,
				08994D5F22FA727E00687385 /* Release */,
			);
			defaultConfigurationIsVisible = 0;
			defaultConfigurationName = Release;
		};
		08994D6022FA727E00687385 /* Build configuration list for PBXNativeTarget "TestDemo" */ = {
			isa = XCConfigurationList;
			buildConfigurations = (
				08994D6122FA727E00687385 /* Debug */,
				08994D6222FA727E00687385 /* Release */,
			);
			defaultConfigurationIsVisible = 0;
			defaultConfigurationName = Release;
		};
		08994D6322FA727E00687385 /* Build configuration list for PBXNativeTarget "TestDemoTests" */ = {
			isa = XCConfigurationList;
			buildConfigurations = (
				08994D6422FA727E00687385 /* Debug */,
				08994D6522FA727E00687385 /* Release */,
			);
			defaultConfigurationIsVisible = 0;
			defaultConfigurationName = Release;
		};
		08994D6622FA727E00687385 /* Build configuration list for PBXNativeTarget "TestDemoUITests" */ = {
			isa = XCConfigurationList;
			buildConfigurations = (
				08994D6722FA727E00687385 /* Debug */,
				08994D6822FA727E00687385 /* Release */,
			);
			defaultConfigurationIsVisible = 0;
			defaultConfigurationName = Release;
		};
/* End XCConfigurationList section */
	};
	rootObject = 08994D2C22FA727B00687385 /* Project object */;
}
